
Microsoft Visual Studio Solution File, Format Version 12.00
# Visual Studio Version 16
VisualStudioVersion = 16.0.30717.126
MinimumVisualStudioVersion = 10.0.40219.1
Project("{FAE04EC0-301F-11D3-BF4B-00C04F79EFBC}") = "TheLocalNZ.Android", "TheLocalNZ\TheLocalNZ.Android\TheLocalNZ.Android.csproj", "{0793D4D6-6525-4BF2-8593-4218D85F1E80}"
EndProject
Project("{FAE04EC0-301F-11D3-BF4B-00C04F79EFBC}") = "TheLocalNZ.iOS", "TheLocalNZ\TheLocalNZ.iOS\TheLocalNZ.iOS.csproj", "{70AF3575-1C7D-4476-996E-895ED326B5D1}"
EndProject
Project("{FAE04EC0-301F-11D3-BF4B-00C04F79EFBC}") = "TheLocalNZ", "TheLocalNZ\TheLocalNZ\TheLocalNZ.csproj", "{467D0BFF-29B8-403D-900F-8802B6C123B5}"
EndProject
Global
	GlobalSection(SolutionConfigurationPlatforms) = preSolution
		Debug|Any CPU = Debug|Any CPU
		Debug|iPhone = Debug|iPhone
		Debug|iPhoneSimulator = Debug|iPhoneSimulator
		Release|Any CPU = Release|Any CPU
		Release|iPhone = Release|iPhone
		Release|iPhoneSimulator = Release|iPhoneSimulator
	EndGlobalSection
	GlobalSection(ProjectConfigurationPlatforms) = postSolution
		{0793D4D6-6525-4BF2-8593-4218D85F1E80}.Debug|Any CPU.ActiveCfg = Debug|Any CPU
		{0793D4D6-6525-4BF2-8593-4218D85F1E80}.Debug|Any CPU.Build.0 = Debug|Any CPU
		{0793D4D6-6525-4BF2-8593-4218D85F1E80}.Debug|Any CPU.Deploy.0 = Debug|Any CPU
		{0793D4D6-6525-4BF2-8593-4218D85F1E80}.Debug|iPhone.ActiveCfg = Debug|Any CPU
		{0793D4D6-6525-4BF2-8593-4218D85F1E80}.Debug|iPhone.Build.0 = Debug|Any CPU
		{0793D4D6-6525-4BF2-8593-4218D85F1E80}.Debug|iPhone.Deploy.0 = Debug|Any CPU
		{0793D4D6-6525-4BF2-8593-4218D85F1E80}.Debug|iPhoneSimulator.ActiveCfg = Debug|Any CPU
		{0793D4D6-6525-4BF2-8593-4218D85F1E80}.Debug|iPhoneSimulator.Build.0 = Debug|Any CPU
		{0793D4D6-6525-4BF2-8593-4218D85F1E80}.Debug|iPhoneSimulator.Deploy.0 = Debug|Any CPU
		{0793D4D6-6525-4BF2-8593-4218D85F1E80}.Release|Any CPU.ActiveCfg = Release|Any CPU
		{0793D4D6-6525-4BF2-8593-4218D85F1E80}.Release|Any CPU.Build.0 = Release|Any CPU
		{0793D4D6-6525-4BF2-8593-4218D85F1E80}.Release|Any CPU.Deploy.0 = Release|Any CPU
		{0793D4D6-6525-4BF2-8593-4218D85F1E80}.Release|iPhone.ActiveCfg = Release|Any CPU
		{0793D4D6-6525-4BF2-8593-4218D85F1E80}.Release|iPhone.Build.0 = Release|Any CPU
		{0793D4D6-6525-4BF2-8593-4218D85F1E80}.Release|iPhone.Deploy.0 = Release|Any CPU
		{0793D4D6-6525-4BF2-8593-4218D85F1E80}.Release|iPhoneSimulator.ActiveCfg = Release|Any CPU
		{0793D4D6-6525-4BF2-8593-4218D85F1E80}.Release|iPhoneSimulator.Build.0 = Release|Any CPU
		{0793D4D6-6525-4BF2-8593-4218D85F1E80}.Release|iPhoneSimulator.Deploy.0 = Release|Any CPU
		{70AF3575-1C7D-4476-996E-895ED326B5D1}.Debug|Any CPU.ActiveCfg = Debug|iPhone
		{70AF3575-1C7D-4476-996E-895ED326B5D1}.Debug|Any CPU.Build.0 = Debug|iPhone
		{70AF3575-1C7D-4476-996E-895ED326B5D1}.Debug|Any CPU.Deploy.0 = Debug|iPhone
		{70AF3575-1C7D-4476-996E-895ED326B5D1}.Debug|iPhone.ActiveCfg = Debug|iPhone
		{70AF3575-1C7D-4476-996E-895ED326B5D1}.Debug|iPhone.Build.0 = Debug|iPhone
		{70AF3575-1C7D-4476-996E-895ED326B5D1}.Debug|iPhone.Deploy.0 = Debug|iPhone
		{70AF3575-1C7D-4476-996E-895ED326B5D1}.Debug|iPhoneSimulator.ActiveCfg = Debug|iPhoneSimulator
		{70AF3575-1C7D-4476-996E-895ED326B5D1}.Debug|iPhoneSimulator.Build.0 = Debug|iPhoneSimulator
		{70AF3575-1C7D-4476-996E-895ED326B5D1}.Debug|iPhoneSimulator.Deploy.0 = Debug|iPhoneSimulator
		{70AF3575-1C7D-4476-996E-895ED326B5D1}.Release|Any CPU.ActiveCfg = Release|iPhoneSimulator
		{70AF3575-1C7D-4476-996E-895ED326B5D1}.Release|Any CPU.Build.0 = Release|iPhoneSimulator
		{70AF3575-1C7D-4476-996E-895ED326B5D1}.Release|Any CPU.Deploy.0 = Release|iPhoneSimulator
		{70AF3575-1C7D-4476-996E-895ED326B5D1}.Release|iPhone.ActiveCfg = Release|iPhone
		{70AF3575-1C7D-4476-996E-895ED326B5D1}.Release|iPhone.Build.0 = Release|iPhone
		{70AF3575-1C7D-4476-996E-895ED326B5D1}.Release|iPhone.Deploy.0 = Release|iPhone
		{70AF3575-1C7D-4476-996E-895ED326B5D1}.Release|iPhoneSimulator.ActiveCfg = Release|iPhoneSimulator
		{70AF3575-1C7D-4476-996E-895ED326B5D1}.Release|iPhoneSimulator.Build.0 = Release|iPhoneSimulator
		{70AF3575-1C7D-4476-996E-895ED326B5D1}.Release|iPhoneSimulator.Deploy.0 = Release|iPhoneSimulator
		{467D0BFF-29B8-403D-900F-8802B6C123B5}.Debug|Any CPU.ActiveCfg = Debug|Any CPU
		{467D0BFF-29B8-403D-900F-8802B6C123B5}.Debug|Any CPU.Build.0 = Debug|Any CPU
		{467D0BFF-29B8-403D-900F-8802B6C123B5}.Debug|Any CPU.Deploy.0 = Debug|Any CPU
		{467D0BFF-29B8-403D-900F-8802B6C123B5}.Debug|iPhone.ActiveCfg = Debug|Any CPU
		{467D0BFF-29B8-403D-900F-8802B6C123B5}.Debug|iPhone.Build.0 = Debug|Any CPU
		{467D0BFF-29B8-403D-900F-8802B6C123B5}.Debug|iPhone.Deploy.0 = Debug|Any CPU
		{467D0BFF-29B8-403D-900F-8802B6C123B5}.Debug|iPhoneSimulator.ActiveCfg = Debug|Any CPU
		{467D0BFF-29B8-403D-900F-8802B6C123B5}.Debug|iPhoneSimulator.Build.0 = Debug|Any CPU
		{467D0BFF-29B8-403D-900F-8802B6C123B5}.Debug|iPhoneSimulator.Deploy.0 = Debug|Any CPU
		{467D0BFF-29B8-403D-900F-8802B6C123B5}.Release|Any CPU.ActiveCfg = Release|Any CPU
		{467D0BFF-29B8-403D-900F-8802B6C123B5}.Release|Any CPU.Build.0 = Release|Any CPU
		{467D0BFF-29B8-403D-900F-8802B6C123B5}.Release|Any CPU.Deploy.0 = Release|Any CPU
		{467D0BFF-29B8-403D-900F-8802B6C123B5}.Release|iPhone.ActiveCfg = Release|Any CPU
		{467D0BFF-29B8-403D-900F-8802B6C123B5}.Release|iPhone.Build.0 = Release|Any CPU
		{467D0BFF-29B8-403D-900F-8802B6C123B5}.Release|iPhone.Deploy.0 = Release|Any CPU
		{467D0BFF-29B8-403D-900F-8802B6C123B5}.Release|iPhoneSimulator.ActiveCfg = Release|Any CPU
		{467D0BFF-29B8-403D-900F-8802B6C123B5}.Release|iPhoneSimulator.Build.0 = Release|Any CPU
		{467D0BFF-29B8-403D-900F-8802B6C123B5}.Release|iPhoneSimulator.Deploy.0 = Release|Any CPU
	EndGlobalSection
	GlobalSection(SolutionProperties) = preSolution
		HideSolutionNode = FALSE
	EndGlobalSection
	GlobalSection(ExtensibilityGlobals) = postSolution
		SolutionGuid = {9C82F85F-EE01-4C1C-8377-CF415DA05302}
	EndGlobalSection
EndGlobal
